
Microsoft Visual Studio Solution File, Format Version 12.00
# Visual Studio Version 16
VisualStudioVersion = 16.0.30114.105
MinimumVisualStudioVersion = 10.0.40219.1
Project("{2150E333-8FDC-42A3-9474-1A3956D46DE8}") = "Services", "Services", "{17B6D16B-E738-43C6-9DD8-C341560A4DBD}"
EndProject
Project("{2150E333-8FDC-42A3-9474-1A3956D46DE8}") = "Catalog", "Catalog", "{48EBC815-6711-418A-B753-2ED5E480D320}"
EndProject
Project("{FAE04EC0-301F-11D3-BF4B-00C04F79EFBC}") = "Catalog.API", "Services\Catalog\Catalog.API\Catalog.API.csproj", "{EF9CB7B3-D328-4090-8E75-F6A492EAA466}"
EndProject
Project("{E53339B2-1760-4266-BCC7-CA923CBCF16C}") = "docker-compose", "docker-compose.dcproj", "{FB43ED67-5069-42AE-9565-7350F4C647AF}"
EndProject
Global
	GlobalSection(SolutionConfigurationPlatforms) = preSolution
		Debug|Any CPU = Debug|Any CPU
		Debug|x64 = Debug|x64
		Debug|x86 = Debug|x86
		Release|Any CPU = Release|Any CPU
		Release|x64 = Release|x64
		Release|x86 = Release|x86
	EndGlobalSection
	GlobalSection(SolutionProperties) = preSolution
		HideSolutionNode = FALSE
	EndGlobalSection
	GlobalSection(ProjectConfigurationPlatforms) = postSolution
		{EF9CB7B3-D328-4090-8E75-F6A492EAA466}.Debug|Any CPU.ActiveCfg = Debug|Any CPU
		{EF9CB7B3-D328-4090-8E75-F6A492EAA466}.Debug|Any CPU.Build.0 = Debug|Any CPU
		{EF9CB7B3-D328-4090-8E75-F6A492EAA466}.Debug|x64.ActiveCfg = Debug|Any CPU
		{EF9CB7B3-D328-4090-8E75-F6A492EAA466}.Debug|x64.Build.0 = Debug|Any CPU
		{EF9CB7B3-D328-4090-8E75-F6A492EAA466}.Debug|x86.ActiveCfg = Debug|Any CPU
		{EF9CB7B3-D328-4090-8E75-F6A492EAA466}.Debug|x86.Build.0 = Debug|Any CPU
		{EF9CB7B3-D328-4090-8E75-F6A492EAA466}.Release|Any CPU.ActiveCfg = Release|Any CPU
		{EF9CB7B3-D328-4090-8E75-F6A492EAA466}.Release|Any CPU.Build.0 = Release|Any CPU
		{EF9CB7B3-D328-4090-8E75-F6A492EAA466}.Release|x64.ActiveCfg = Release|Any CPU
		{EF9CB7B3-D328-4090-8E75-F6A492EAA466}.Release|x64.Build.0 = Release|Any CPU
		{EF9CB7B3-D328-4090-8E75-F6A492EAA466}.Release|x86.ActiveCfg = Release|Any CPU
		{EF9CB7B3-D328-4090-8E75-F6A492EAA466}.Release|x86.Build.0 = Release|Any CPU
		{FB43ED67-5069-42AE-9565-7350F4C647AF}.Debug|Any CPU.ActiveCfg = Debug|Any CPU
		{FB43ED67-5069-42AE-9565-7350F4C647AF}.Debug|Any CPU.Build.0 = Debug|Any CPU
		{FB43ED67-5069-42AE-9565-7350F4C647AF}.Debug|x64.ActiveCfg = Debug|Any CPU
		{FB43ED67-5069-42AE-9565-7350F4C647AF}.Debug|x64.Build.0 = Debug|Any CPU
		{FB43ED67-5069-42AE-9565-7350F4C647AF}.Debug|x86.ActiveCfg = Debug|Any CPU
		{FB43ED67-5069-42AE-9565-7350F4C647AF}.Debug|x86.Build.0 = Debug|Any CPU
		{FB43ED67-5069-42AE-9565-7350F4C647AF}.Release|Any CPU.ActiveCfg = Release|Any CPU
		{FB43ED67-5069-42AE-9565-7350F4C647AF}.Release|Any CPU.Build.0 = Release|Any CPU
		{FB43ED67-5069-42AE-9565-7350F4C647AF}.Release|x64.ActiveCfg = Release|Any CPU
		{FB43ED67-5069-42AE-9565-7350F4C647AF}.Release|x64.Build.0 = Release|Any CPU
		{FB43ED67-5069-42AE-9565-7350F4C647AF}.Release|x86.ActiveCfg = Release|Any CPU
		{FB43ED67-5069-42AE-9565-7350F4C647AF}.Release|x86.Build.0 = Release|Any CPU
	EndGlobalSection
	GlobalSection(NestedProjects) = preSolution
		{48EBC815-6711-418A-B753-2ED5E480D320} = {17B6D16B-E738-43C6-9DD8-C341560A4DBD}
		{EF9CB7B3-D328-4090-8E75-F6A492EAA466} = {48EBC815-6711-418A-B753-2ED5E480D320}
	EndGlobalSection
EndGlobal
